// !$*UTF8*$!
{
	archiveVersion = 1;
	classes = {
	};
	objectVersion = 54;
	objects = {

/* Begin PBXBuildFile section */
		1C09C5185D8CD859802CEF80 /* Pods_WidgetPastEvents.framework in Frameworks */ = {isa = PBXBuildFile; fileRef = 4F868769D3441E614A9DBF80 /* Pods_WidgetPastEvents.framework */; };
		281C68819E43AE18FCD559D6 /* Pods_WidgetUpcomingEvent.framework in Frameworks */ = {isa = PBXBuildFile; fileRef = CF553D311315023CA4931BBF /* Pods_WidgetUpcomingEvent.framework */; };
		62437E872988421A0087124A /* SettingsHostingController.swift in Sources */ = {isa = PBXBuildFile; fileRef = 62437E862988421A0087124A /* SettingsHostingController.swift */; };
		626565CB2A8F9B8E00DB0502 /* Defaults.swift in Sources */ = {isa = PBXBuildFile; fileRef = A6ADF50923AEA16500CACAD6 /* Defaults.swift */; };
		626565CC2A8F9B8F00DB0502 /* Defaults.swift in Sources */ = {isa = PBXBuildFile; fileRef = A6ADF50923AEA16500CACAD6 /* Defaults.swift */; };
		626565CE2A8F9B9200DB0502 /* Defaults.swift in Sources */ = {isa = PBXBuildFile; fileRef = A6ADF50923AEA16500CACAD6 /* Defaults.swift */; };
		626565D02A8FA1E300DB0502 /* SettingsView.swift in Sources */ = {isa = PBXBuildFile; fileRef = 626565CF2A8FA1E300DB0502 /* SettingsView.swift */; };
		626565D32A8FA5AB00DB0502 /* InternalGalleryHostingController.swift in Sources */ = {isa = PBXBuildFile; fileRef = 626565D22A8FA5AB00DB0502 /* InternalGalleryHostingController.swift */; };
		626565D52A8FA5DF00DB0502 /* InternalGalleryView.swift in Sources */ = {isa = PBXBuildFile; fileRef = 626565D42A8FA5DF00DB0502 /* InternalGalleryView.swift */; };
		62EBBD9F2AFF8C3F00EA785D /* LoginHostingController.swift in Sources */ = {isa = PBXBuildFile; fileRef = 62EBBD9E2AFF8C3F00EA785D /* LoginHostingController.swift */; };
		62EBBDA12AFF8CCC00EA785D /* LoginView.swift in Sources */ = {isa = PBXBuildFile; fileRef = 62EBBDA02AFF8CCC00EA785D /* LoginView.swift */; };
		62EE50F72982F59A00C6DE56 /* GoogleService-Info.plist in Resources */ = {isa = PBXBuildFile; fileRef = 62EE50F62982F59A00C6DE56 /* GoogleService-Info.plist */; };
		80008EDE393F01CFF8A46B1B /* Pods_WidgetFutureEvents.framework in Frameworks */ = {isa = PBXBuildFile; fileRef = 29D1B5E9E818CFDE4897DFB5 /* Pods_WidgetFutureEvents.framework */; };
		A606F09824068A22006E07C8 /* EventCell.swift in Sources */ = {isa = PBXBuildFile; fileRef = A606F09724068A22006E07C8 /* EventCell.swift */; };
		A60A514F23FB1CDA007BB811 /* StoreKit.framework in Frameworks */ = {isa = PBXBuildFile; fileRef = A60A514E23FB1CDA007BB811 /* StoreKit.framework */; };
		A60FCB0323FD2E2800EA2D35 /* DatabaseRepository.swift in Sources */ = {isa = PBXBuildFile; fileRef = A60FCB0223FD2E2800EA2D35 /* DatabaseRepository.swift */; };
		A60FCB0523FD2EEC00EA2D35 /* LocalDatabase.swift in Sources */ = {isa = PBXBuildFile; fileRef = A60FCB0423FD2EEC00EA2D35 /* LocalDatabase.swift */; };
		A60FCB0723FD2EF900EA2D35 /* RemoteDatabase.swift in Sources */ = {isa = PBXBuildFile; fileRef = A60FCB0623FD2EF900EA2D35 /* RemoteDatabase.swift */; };
		A60FCB0923FD519800EA2D35 /* UserRepository.swift in Sources */ = {isa = PBXBuildFile; fileRef = A60FCB0823FD519800EA2D35 /* UserRepository.swift */; };
		A61702D723B201D900912C13 /* EventsTabBarController.swift in Sources */ = {isa = PBXBuildFile; fileRef = A61702D623B201D900912C13 /* EventsTabBarController.swift */; };
		A618D8D2232BA7AE006EB008 /* AddEventViewController.swift in Sources */ = {isa = PBXBuildFile; fileRef = A618D8D1232BA7AE006EB008 /* AddEventViewController.swift */; };
		A61F29B223D0E3630047C174 /* InfoPlist.strings in Resources */ = {isa = PBXBuildFile; fileRef = A61F29B423D0E3630047C174 /* InfoPlist.strings */; };
		A61F29B823D0E3990047C174 /* InfoPlist.strings in Resources */ = {isa = PBXBuildFile; fileRef = A61F29BA23D0E3990047C174 /* InfoPlist.strings */; };
		A637FEFB23421CB2008868C8 /* ImageCropViewController.swift in Sources */ = {isa = PBXBuildFile; fileRef = A637FEFA23421CB2008868C8 /* ImageCropViewController.swift */; };
		A6557D6E235885FD00D224EC /* LargeEventCell.swift in Sources */ = {isa = PBXBuildFile; fileRef = A6557D6D235885FD00D224EC /* LargeEventCell.swift */; };
		A663228D235F67090073C3C3 /* EventDetailsViewController.swift in Sources */ = {isa = PBXBuildFile; fileRef = A663228C235F67090073C3C3 /* EventDetailsViewController.swift */; };
		A672CDDE23CF9D73003C21CD /* Localizable.stringsdict in Resources */ = {isa = PBXBuildFile; fileRef = A672CDE323CF9D73003C21CD /* Localizable.stringsdict */; };
		A672CDDF23CF9D73003C21CD /* Localizable.stringsdict in Resources */ = {isa = PBXBuildFile; fileRef = A672CDE323CF9D73003C21CD /* Localizable.stringsdict */; };
		A672CDE023CF9D73003C21CD /* Localizable.stringsdict in Resources */ = {isa = PBXBuildFile; fileRef = A672CDE323CF9D73003C21CD /* Localizable.stringsdict */; };
		A672CDE123CF9D73003C21CD /* Localizable.stringsdict in Resources */ = {isa = PBXBuildFile; fileRef = A672CDE323CF9D73003C21CD /* Localizable.stringsdict */; };
		A6763F132345CA3700A81500 /* InternetGalleryViewController.swift in Sources */ = {isa = PBXBuildFile; fileRef = A6763F122345CA3700A81500 /* InternetGalleryViewController.swift */; };
		A687570E23D0A8800011C0FC /* InfoPlist.strings in Resources */ = {isa = PBXBuildFile; fileRef = A687571023D0A8800011C0FC /* InfoPlist.strings */; };
		A68B307A2405181800D43AA7 /* LoadingButton.swift in Sources */ = {isa = PBXBuildFile; fileRef = A68B30792405181800D43AA7 /* LoadingButton.swift */; };
		A68B307C2405273200D43AA7 /* CurvedView.swift in Sources */ = {isa = PBXBuildFile; fileRef = A68B307B2405273200D43AA7 /* CurvedView.swift */; };
		A68DE100233D180500188579 /* FontColorPickerView.swift in Sources */ = {isa = PBXBuildFile; fileRef = A68DE0FF233D180500188579 /* FontColorPickerView.swift */; };
		A693802823CE45420063484B /* Localizable.strings in Resources */ = {isa = PBXBuildFile; fileRef = A693802D23CE45420063484B /* Localizable.strings */; };
		A693802923CE45420063484B /* Localizable.strings in Resources */ = {isa = PBXBuildFile; fileRef = A693802D23CE45420063484B /* Localizable.strings */; };
		A693802A23CE45420063484B /* Localizable.strings in Resources */ = {isa = PBXBuildFile; fileRef = A693802D23CE45420063484B /* Localizable.strings */; };
		A693802B23CE45420063484B /* Localizable.strings in Resources */ = {isa = PBXBuildFile; fileRef = A693802D23CE45420063484B /* Localizable.strings */; };
		A69DE1C623BBAB5500C7801F /* Event.swift in Sources */ = {isa = PBXBuildFile; fileRef = A6BD8EE3234D0E3600E76FBE /* Event.swift */; };
		A69DE1C723BBAB5500C7801F /* Event.swift in Sources */ = {isa = PBXBuildFile; fileRef = A6BD8EE3234D0E3600E76FBE /* Event.swift */; };
		A69DE1C823BBAB5600C7801F /* Event.swift in Sources */ = {isa = PBXBuildFile; fileRef = A6BD8EE3234D0E3600E76FBE /* Event.swift */; };
		A69DE1C923BBAB6800C7801F /* DateCalculator.swift in Sources */ = {isa = PBXBuildFile; fileRef = A6ACB3F3233F6F3400E8FABA /* DateCalculator.swift */; };
		A69DE1CA23BBAB6800C7801F /* DateCalculator.swift in Sources */ = {isa = PBXBuildFile; fileRef = A6ACB3F3233F6F3400E8FABA /* DateCalculator.swift */; };
		A69DE1CB23BBAB6900C7801F /* DateCalculator.swift in Sources */ = {isa = PBXBuildFile; fileRef = A6ACB3F3233F6F3400E8FABA /* DateCalculator.swift */; };
		A69DE1CC23BBAB7700C7801F /* Extensions.swift in Sources */ = {isa = PBXBuildFile; fileRef = A6AABAB52330C58700264B8B /* Extensions.swift */; };
		A69DE1CD23BBAB7700C7801F /* Extensions.swift in Sources */ = {isa = PBXBuildFile; fileRef = A6AABAB52330C58700264B8B /* Extensions.swift */; };
		A69DE1CE23BBAB7800C7801F /* Extensions.swift in Sources */ = {isa = PBXBuildFile; fileRef = A6AABAB52330C58700264B8B /* Extensions.swift */; };
		A69E54072402D29400716618 /* IAPHelper.swift in Sources */ = {isa = PBXBuildFile; fileRef = A69E54062402D29400716618 /* IAPHelper.swift */; };
		A69E54092402D2D500716618 /* Products.swift in Sources */ = {isa = PBXBuildFile; fileRef = A69E54082402D2D500716618 /* Products.swift */; };
		A6A84E3323294F0E006C6660 /* AppDelegate.swift in Sources */ = {isa = PBXBuildFile; fileRef = A6A84E3223294F0E006C6660 /* AppDelegate.swift */; };
		A6A84E3823294F0E006C6660 /* Main.storyboard in Resources */ = {isa = PBXBuildFile; fileRef = A6A84E3623294F0E006C6660 /* Main.storyboard */; };
		A6A84E3A23294F0E006C6660 /* Assets.xcassets in Resources */ = {isa = PBXBuildFile; fileRef = A6A84E3923294F0E006C6660 /* Assets.xcassets */; };
		A6A84E3D23294F0E006C6660 /* LaunchScreen.storyboard in Resources */ = {isa = PBXBuildFile; fileRef = A6A84E3B23294F0E006C6660 /* LaunchScreen.storyboard */; };
		A6A84E6423296A5E006C6660 /* PastEventsViewController.swift in Sources */ = {isa = PBXBuildFile; fileRef = A6A84E6323296A5E006C6660 /* PastEventsViewController.swift */; };
		A6A84E6623296A69006C6660 /* FutureEventsViewController.swift in Sources */ = {isa = PBXBuildFile; fileRef = A6A84E6523296A69006C6660 /* FutureEventsViewController.swift */; };
		A6AABAB62330C58700264B8B /* Extensions.swift in Sources */ = {isa = PBXBuildFile; fileRef = A6AABAB52330C58700264B8B /* Extensions.swift */; };
		A6AABAB82331131800264B8B /* RepetitionTableViewController.swift in Sources */ = {isa = PBXBuildFile; fileRef = A6AABAB72331131800264B8B /* RepetitionTableViewController.swift */; };
		A6AABABA233116C800264B8B /* EventRepetition.swift in Sources */ = {isa = PBXBuildFile; fileRef = A6AABAB9233116C800264B8B /* EventRepetition.swift */; };
		A6ACB3F4233F6F3400E8FABA /* DateCalculator.swift in Sources */ = {isa = PBXBuildFile; fileRef = A6ACB3F3233F6F3400E8FABA /* DateCalculator.swift */; };
		A6ADF50A23AEA16500CACAD6 /* Defaults.swift in Sources */ = {isa = PBXBuildFile; fileRef = A6ADF50923AEA16500CACAD6 /* Defaults.swift */; };
		A6B924222348BD0C005F30F5 /* ImageCell.swift in Sources */ = {isa = PBXBuildFile; fileRef = A6B924212348BD0C005F30F5 /* ImageCell.swift */; };
		A6B924262348D095005F30F5 /* ImagesResponse.swift in Sources */ = {isa = PBXBuildFile; fileRef = A6B924252348D095005F30F5 /* ImagesResponse.swift */; };
		A6B924282348D135005F30F5 /* ImagesRequest.swift in Sources */ = {isa = PBXBuildFile; fileRef = A6B924272348D135005F30F5 /* ImagesRequest.swift */; };
		A6BD8EE4234D0E3600E76FBE /* Event.swift in Sources */ = {isa = PBXBuildFile; fileRef = A6BD8EE3234D0E3600E76FBE /* Event.swift */; };
		A6D420CA23BBA85A0036D097 /* NotificationCenter.framework in Frameworks */ = {isa = PBXBuildFile; fileRef = A6D420C923BBA85A0036D097 /* NotificationCenter.framework */; };
		A6D420CD23BBA85A0036D097 /* TodayViewController.swift in Sources */ = {isa = PBXBuildFile; fileRef = A6D420CC23BBA85A0036D097 /* TodayViewController.swift */; };
		A6D420D023BBA85A0036D097 /* MainInterface.storyboard in Resources */ = {isa = PBXBuildFile; fileRef = A6D420CE23BBA85A0036D097 /* MainInterface.storyboard */; };
		A6D420D423BBA85A0036D097 /* WidgetPastEvents.appex in Embed App Extensions */ = {isa = PBXBuildFile; fileRef = A6D420C823BBA85A0036D097 /* WidgetPastEvents.appex */; settings = {ATTRIBUTES = (RemoveHeadersOnCopy, ); }; };
		A6D420DE23BBA8750036D097 /* NotificationCenter.framework in Frameworks */ = {isa = PBXBuildFile; fileRef = A6D420C923BBA85A0036D097 /* NotificationCenter.framework */; };
		A6D420E123BBA8750036D097 /* TodayViewController.swift in Sources */ = {isa = PBXBuildFile; fileRef = A6D420E023BBA8750036D097 /* TodayViewController.swift */; };
		A6D420E423BBA8750036D097 /* MainInterface.storyboard in Resources */ = {isa = PBXBuildFile; fileRef = A6D420E223BBA8750036D097 /* MainInterface.storyboard */; };
		A6D420E823BBA8750036D097 /* WidgetFutureEvents.appex in Embed App Extensions */ = {isa = PBXBuildFile; fileRef = A6D420DD23BBA8750036D097 /* WidgetFutureEvents.appex */; settings = {ATTRIBUTES = (RemoveHeadersOnCopy, ); }; };
		A6D420F123BBA8830036D097 /* NotificationCenter.framework in Frameworks */ = {isa = PBXBuildFile; fileRef = A6D420C923BBA85A0036D097 /* NotificationCenter.framework */; };
		A6D420F423BBA8840036D097 /* TodayViewController.swift in Sources */ = {isa = PBXBuildFile; fileRef = A6D420F323BBA8840036D097 /* TodayViewController.swift */; };
		A6D420F723BBA8840036D097 /* MainInterface.storyboard in Resources */ = {isa = PBXBuildFile; fileRef = A6D420F523BBA8840036D097 /* MainInterface.storyboard */; };
		A6D420FB23BBA8840036D097 /* WidgetUpcomingEvent.appex in Embed App Extensions */ = {isa = PBXBuildFile; fileRef = A6D420F023BBA8830036D097 /* WidgetUpcomingEvent.appex */; settings = {ATTRIBUTES = (RemoveHeadersOnCopy, ); }; };
		A6D75DBF23866A9C00ECBD16 /* EventDetailsBottomView.swift in Sources */ = {isa = PBXBuildFile; fileRef = A6D75DBE23866A9C00ECBD16 /* EventDetailsBottomView.swift */; };
		A6D8D2F32406899800251CD4 /* CompactEventCell.swift in Sources */ = {isa = PBXBuildFile; fileRef = A6D8D2F22406899800251CD4 /* CompactEventCell.swift */; };
		A6DADA2823BE116D00511492 /* Assets.xcassets in Resources */ = {isa = PBXBuildFile; fileRef = A6A84E3923294F0E006C6660 /* Assets.xcassets */; };
		A6DADA2923BE116E00511492 /* Assets.xcassets in Resources */ = {isa = PBXBuildFile; fileRef = A6A84E3923294F0E006C6660 /* Assets.xcassets */; };
		A6DADA2A23BE116E00511492 /* Assets.xcassets in Resources */ = {isa = PBXBuildFile; fileRef = A6A84E3923294F0E006C6660 /* Assets.xcassets */; };
		A6DB777023328CC800CEA495 /* EventBackgroundViewController.swift in Sources */ = {isa = PBXBuildFile; fileRef = A6DB776F23328CC800CEA495 /* EventBackgroundViewController.swift */; };
		A6EA1CD2233767D800F876B2 /* EventCustomizeView.swift in Sources */ = {isa = PBXBuildFile; fileRef = A6EA1CD1233767D800F876B2 /* EventCustomizeView.swift */; };
		A6F0167723B9F7A60017D80F /* MainViewController.swift in Sources */ = {isa = PBXBuildFile; fileRef = A6F0167623B9F7A60017D80F /* MainViewController.swift */; };
		A6FA6B7D2403BC7D00FCAA46 /* PremiumViewController.swift in Sources */ = {isa = PBXBuildFile; fileRef = A6FA6B7C2403BC7D00FCAA46 /* PremiumViewController.swift */; };
		A6FA6B7F240403FA00FCAA46 /* CheckMarkView.swift in Sources */ = {isa = PBXBuildFile; fileRef = A6FA6B7E240403FA00FCAA46 /* CheckMarkView.swift */; };
		B3C90C8C31C7EA6A196B7EA8 /* Pods_DaysCounter.framework in Frameworks */ = {isa = PBXBuildFile; fileRef = AFF6E2D6EE88BDEEA0FEFF1F /* Pods_DaysCounter.framework */; };
/* End PBXBuildFile section */

/* Begin PBXContainerItemProxy section */
		A6D420D223BBA85A0036D097 /* PBXContainerItemProxy */ = {
			isa = PBXContainerItemProxy;
			containerPortal = A6A84E2723294F0E006C6660 /* Project object */;
			proxyType = 1;
			remoteGlobalIDString = A6D420C723BBA85A0036D097;
			remoteInfo = WidgetPastEvents;
		};
		A6D420E623BBA8750036D097 /* PBXContainerItemProxy */ = {
			isa = PBXContainerItemProxy;
			containerPortal = A6A84E2723294F0E006C6660 /* Project object */;
			proxyType = 1;
			remoteGlobalIDString = A6D420DC23BBA8750036D097;
			remoteInfo = WidgetFutureEvents;
		};
		A6D420F923BBA8840036D097 /* PBXContainerItemProxy */ = {
			isa = PBXContainerItemProxy;
			containerPortal = A6A84E2723294F0E006C6660 /* Project object */;
			proxyType = 1;
			remoteGlobalIDString = A6D420EF23BBA8830036D097;
			remoteInfo = WidgetUpcomingEvent;
		};
/* End PBXContainerItemProxy section */

/* Begin PBXCopyFilesBuildPhase section */
		A6D420D523BBA85A0036D097 /* Embed App Extensions */ = {
			isa = PBXCopyFilesBuildPhase;
			buildActionMask = 2147483647;
			dstPath = "";
			dstSubfolderSpec = 13;
			files = (
				A6D420FB23BBA8840036D097 /* WidgetUpcomingEvent.appex in Embed App Extensions */,
				A6D420E823BBA8750036D097 /* WidgetFutureEvents.appex in Embed App Extensions */,
				A6D420D423BBA85A0036D097 /* WidgetPastEvents.appex in Embed App Extensions */,
			);
			name = "Embed App Extensions";
			runOnlyForDeploymentPostprocessing = 0;
		};
/* End PBXCopyFilesBuildPhase section */

/* Begin PBXFileReference section */
		29D1B5E9E818CFDE4897DFB5 /* Pods_WidgetFutureEvents.framework */ = {isa = PBXFileReference; explicitFileType = wrapper.framework; includeInIndex = 0; path = Pods_WidgetFutureEvents.framework; sourceTree = BUILT_PRODUCTS_DIR; };
		4B2214F1B7E218B8C2A8D325 /* Pods-WidgetPastEvents.debug.xcconfig */ = {isa = PBXFileReference; includeInIndex = 1; lastKnownFileType = text.xcconfig; name = "Pods-WidgetPastEvents.debug.xcconfig"; path = "Target Support Files/Pods-WidgetPastEvents/Pods-WidgetPastEvents.debug.xcconfig"; sourceTree = "<group>"; };
		4F868769D3441E614A9DBF80 /* Pods_WidgetPastEvents.framework */ = {isa = PBXFileReference; explicitFileType = wrapper.framework; includeInIndex = 0; path = Pods_WidgetPastEvents.framework; sourceTree = BUILT_PRODUCTS_DIR; };
		62437E862988421A0087124A /* SettingsHostingController.swift */ = {isa = PBXFileReference; lastKnownFileType = sourcecode.swift; path = SettingsHostingController.swift; sourceTree = "<group>"; };
		626565CF2A8FA1E300DB0502 /* SettingsView.swift */ = {isa = PBXFileReference; lastKnownFileType = sourcecode.swift; path = SettingsView.swift; sourceTree = "<group>"; };
		626565D22A8FA5AB00DB0502 /* InternalGalleryHostingController.swift */ = {isa = PBXFileReference; lastKnownFileType = sourcecode.swift; path = InternalGalleryHostingController.swift; sourceTree = "<group>"; };
		626565D42A8FA5DF00DB0502 /* InternalGalleryView.swift */ = {isa = PBXFileReference; lastKnownFileType = sourcecode.swift; path = InternalGalleryView.swift; sourceTree = "<group>"; };
		62EBBD9E2AFF8C3F00EA785D /* LoginHostingController.swift */ = {isa = PBXFileReference; lastKnownFileType = sourcecode.swift; path = LoginHostingController.swift; sourceTree = "<group>"; };
		62EBBDA02AFF8CCC00EA785D /* LoginView.swift */ = {isa = PBXFileReference; lastKnownFileType = sourcecode.swift; path = LoginView.swift; sourceTree = "<group>"; };
		62EE50F62982F59A00C6DE56 /* GoogleService-Info.plist */ = {isa = PBXFileReference; fileEncoding = 4; lastKnownFileType = text.plist.xml; path = "GoogleService-Info.plist"; sourceTree = "<group>"; };
		6965F26FFA1C54AFAA7B4F02 /* Pods-DaysCounter.release.xcconfig */ = {isa = PBXFileReference; includeInIndex = 1; lastKnownFileType = text.xcconfig; name = "Pods-DaysCounter.release.xcconfig"; path = "Target Support Files/Pods-DaysCounter/Pods-DaysCounter.release.xcconfig"; sourceTree = "<group>"; };
		792F2FCE2644FF2F0ACD28BB /* Pods-DaysCounter.debug.xcconfig */ = {isa = PBXFileReference; includeInIndex = 1; lastKnownFileType = text.xcconfig; name = "Pods-DaysCounter.debug.xcconfig"; path = "Target Support Files/Pods-DaysCounter/Pods-DaysCounter.debug.xcconfig"; sourceTree = "<group>"; };
		A606F09724068A22006E07C8 /* EventCell.swift */ = {isa = PBXFileReference; lastKnownFileType = sourcecode.swift; path = EventCell.swift; sourceTree = "<group>"; };
		A60A514E23FB1CDA007BB811 /* StoreKit.framework */ = {isa = PBXFileReference; lastKnownFileType = wrapper.framework; name = StoreKit.framework; path = System/Library/Frameworks/StoreKit.framework; sourceTree = SDKROOT; };
		A60FCB0223FD2E2800EA2D35 /* DatabaseRepository.swift */ = {isa = PBXFileReference; lastKnownFileType = sourcecode.swift; path = DatabaseRepository.swift; sourceTree = "<group>"; };
		A60FCB0423FD2EEC00EA2D35 /* LocalDatabase.swift */ = {isa = PBXFileReference; lastKnownFileType = sourcecode.swift; path = LocalDatabase.swift; sourceTree = "<group>"; };
		A60FCB0623FD2EF900EA2D35 /* RemoteDatabase.swift */ = {isa = PBXFileReference; lastKnownFileType = sourcecode.swift; path = RemoteDatabase.swift; sourceTree = "<group>"; };
		A60FCB0823FD519800EA2D35 /* UserRepository.swift */ = {isa = PBXFileReference; lastKnownFileType = sourcecode.swift; path = UserRepository.swift; sourceTree = "<group>"; };
		A61702D623B201D900912C13 /* EventsTabBarController.swift */ = {isa = PBXFileReference; lastKnownFileType = sourcecode.swift; path = EventsTabBarController.swift; sourceTree = "<group>"; };
		A618D8D1232BA7AE006EB008 /* AddEventViewController.swift */ = {isa = PBXFileReference; lastKnownFileType = sourcecode.swift; path = AddEventViewController.swift; sourceTree = "<group>"; };
		A61F29B323D0E3630047C174 /* en */ = {isa = PBXFileReference; lastKnownFileType = text.plist.strings; name = en; path = en.lproj/InfoPlist.strings; sourceTree = "<group>"; };
		A61F29B523D0E3680047C174 /* pl */ = {isa = PBXFileReference; lastKnownFileType = text.plist.strings; name = pl; path = pl.lproj/InfoPlist.strings; sourceTree = "<group>"; };
		A61F29B923D0E3990047C174 /* en */ = {isa = PBXFileReference; lastKnownFileType = text.plist.strings; name = en; path = en.lproj/InfoPlist.strings; sourceTree = "<group>"; };
		A61F29BB23D0E39C0047C174 /* pl */ = {isa = PBXFileReference; lastKnownFileType = text.plist.strings; name = pl; path = pl.lproj/InfoPlist.strings; sourceTree = "<group>"; };
		A631198D23D0469800A061B4 /* pl */ = {isa = PBXFileReference; lastKnownFileType = text.plist.strings; name = pl; path = pl.lproj/Main.strings; sourceTree = "<group>"; };
		A637FEFA23421CB2008868C8 /* ImageCropViewController.swift */ = {isa = PBXFileReference; lastKnownFileType = sourcecode.swift; path = ImageCropViewController.swift; sourceTree = "<group>"; };
		A6557D6D235885FD00D224EC /* LargeEventCell.swift */ = {isa = PBXFileReference; lastKnownFileType = sourcecode.swift; path = LargeEventCell.swift; sourceTree = "<group>"; };
		A663228C235F67090073C3C3 /* EventDetailsViewController.swift */ = {isa = PBXFileReference; lastKnownFileType = sourcecode.swift; path = EventDetailsViewController.swift; sourceTree = "<group>"; };
		A672CDE223CF9D73003C21CD /* en */ = {isa = PBXFileReference; lastKnownFileType = text.plist.stringsdict; name = en; path = en.lproj/Localizable.stringsdict; sourceTree = "<group>"; };
		A672CDE423CF9D75003C21CD /* pl */ = {isa = PBXFileReference; lastKnownFileType = text.plist.stringsdict; name = pl; path = pl.lproj/Localizable.stringsdict; sourceTree = "<group>"; };
		A6763F122345CA3700A81500 /* InternetGalleryViewController.swift */ = {isa = PBXFileReference; lastKnownFileType = sourcecode.swift; path = InternetGalleryViewController.swift; sourceTree = "<group>"; };
		A687570623D0A6D30011C0FC /* Info.plist */ = {isa = PBXFileReference; fileEncoding = 4; lastKnownFileType = text.plist.xml; path = Info.plist; sourceTree = "<group>"; };
		A687570B23D0A7DB0011C0FC /* Info.plist */ = {isa = PBXFileReference; lastKnownFileType = text.plist.xml; path = Info.plist; sourceTree = "<group>"; };
		A687570F23D0A8800011C0FC /* en */ = {isa = PBXFileReference; lastKnownFileType = text.plist.strings; name = en; path = en.lproj/InfoPlist.strings; sourceTree = "<group>"; };
		A687571123D0A8830011C0FC /* pl */ = {isa = PBXFileReference; lastKnownFileType = text.plist.strings; name = pl; path = pl.lproj/InfoPlist.strings; sourceTree = "<group>"; };
		A68B30792405181800D43AA7 /* LoadingButton.swift */ = {isa = PBXFileReference; lastKnownFileType = sourcecode.swift; path = LoadingButton.swift; sourceTree = "<group>"; };
		A68B307B2405273200D43AA7 /* CurvedView.swift */ = {isa = PBXFileReference; lastKnownFileType = sourcecode.swift; path = CurvedView.swift; sourceTree = "<group>"; };
		A68DE0FF233D180500188579 /* FontColorPickerView.swift */ = {isa = PBXFileReference; lastKnownFileType = sourcecode.swift; path = FontColorPickerView.swift; sourceTree = "<group>"; };
		A693802423CE45260063484B /* pl */ = {isa = PBXFileReference; lastKnownFileType = text.plist.strings; name = pl; path = pl.lproj/LaunchScreen.strings; sourceTree = "<group>"; };
		A693802523CE45270063484B /* pl */ = {isa = PBXFileReference; lastKnownFileType = text.plist.strings; name = pl; path = pl.lproj/MainInterface.strings; sourceTree = "<group>"; };
		A693802623CE45270063484B /* pl */ = {isa = PBXFileReference; lastKnownFileType = text.plist.strings; name = pl; path = pl.lproj/MainInterface.strings; sourceTree = "<group>"; };
		A693802723CE45270063484B /* pl */ = {isa = PBXFileReference; lastKnownFileType = text.plist.strings; name = pl; path = pl.lproj/MainInterface.strings; sourceTree = "<group>"; };
		A693802C23CE45420063484B /* en */ = {isa = PBXFileReference; lastKnownFileType = text.plist.strings; name = en; path = en.lproj/Localizable.strings; sourceTree = "<group>"; };
		A693802E23CE45460063484B /* pl */ = {isa = PBXFileReference; lastKnownFileType = text.plist.strings; name = pl; path = pl.lproj/Localizable.strings; sourceTree = "<group>"; };
		A69DE1D223BBCC0A00C7801F /* DaysCounter.entitlements */ = {isa = PBXFileReference; lastKnownFileType = text.plist.entitlements; path = DaysCounter.entitlements; sourceTree = "<group>"; };
		A69E54062402D29400716618 /* IAPHelper.swift */ = {isa = PBXFileReference; lastKnownFileType = sourcecode.swift; path = IAPHelper.swift; sourceTree = "<group>"; };
		A69E54082402D2D500716618 /* Products.swift */ = {isa = PBXFileReference; lastKnownFileType = sourcecode.swift; path = Products.swift; sourceTree = "<group>"; };
		A6A84E2F23294F0E006C6660 /* Days Counter.app */ = {isa = PBXFileReference; explicitFileType = wrapper.application; includeInIndex = 0; path = "Days Counter.app"; sourceTree = BUILT_PRODUCTS_DIR; };
		A6A84E3223294F0E006C6660 /* AppDelegate.swift */ = {isa = PBXFileReference; lastKnownFileType = sourcecode.swift; path = AppDelegate.swift; sourceTree = "<group>"; };
		A6A84E3723294F0E006C6660 /* Base */ = {isa = PBXFileReference; lastKnownFileType = file.storyboard; name = Base; path = Base.lproj/Main.storyboard; sourceTree = "<group>"; };
		A6A84E3923294F0E006C6660 /* Assets.xcassets */ = {isa = PBXFileReference; lastKnownFileType = folder.assetcatalog; path = Assets.xcassets; sourceTree = "<group>"; };
		A6A84E3C23294F0E006C6660 /* Base */ = {isa = PBXFileReference; lastKnownFileType = file.storyboard; name = Base; path = Base.lproj/LaunchScreen.storyboard; sourceTree = "<group>"; };
		A6A84E3E23294F0E006C6660 /* Info.plist */ = {isa = PBXFileReference; lastKnownFileType = text.plist.xml; path = Info.plist; sourceTree = "<group>"; };
		A6A84E6323296A5E006C6660 /* PastEventsViewController.swift */ = {isa = PBXFileReference; lastKnownFileType = sourcecode.swift; path = PastEventsViewController.swift; sourceTree = "<group>"; };
		A6A84E6523296A69006C6660 /* FutureEventsViewController.swift */ = {isa = PBXFileReference; lastKnownFileType = sourcecode.swift; path = FutureEventsViewController.swift; sourceTree = "<group>"; };
		A6AABAB52330C58700264B8B /* Extensions.swift */ = {isa = PBXFileReference; lastKnownFileType = sourcecode.swift; path = Extensions.swift; sourceTree = "<group>"; };
		A6AABAB72331131800264B8B /* RepetitionTableViewController.swift */ = {isa = PBXFileReference; lastKnownFileType = sourcecode.swift; path = RepetitionTableViewController.swift; sourceTree = "<group>"; };
		A6AABAB9233116C800264B8B /* EventRepetition.swift */ = {isa = PBXFileReference; lastKnownFileType = sourcecode.swift; path = EventRepetition.swift; sourceTree = "<group>"; };
		A6ACB3F3233F6F3400E8FABA /* DateCalculator.swift */ = {isa = PBXFileReference; lastKnownFileType = sourcecode.swift; path = DateCalculator.swift; sourceTree = "<group>"; };
		A6ADF50923AEA16500CACAD6 /* Defaults.swift */ = {isa = PBXFileReference; fileEncoding = 4; lastKnownFileType = sourcecode.swift; path = Defaults.swift; sourceTree = "<group>"; };
		A6B924212348BD0C005F30F5 /* ImageCell.swift */ = {isa = PBXFileReference; lastKnownFileType = sourcecode.swift; path = ImageCell.swift; sourceTree = "<group>"; };
		A6B924252348D095005F30F5 /* ImagesResponse.swift */ = {isa = PBXFileReference; lastKnownFileType = sourcecode.swift; path = ImagesResponse.swift; sourceTree = "<group>"; };
		A6B924272348D135005F30F5 /* ImagesRequest.swift */ = {isa = PBXFileReference; lastKnownFileType = sourcecode.swift; path = ImagesRequest.swift; sourceTree = "<group>"; };
		A6BD8EE3234D0E3600E76FBE /* Event.swift */ = {isa = PBXFileReference; lastKnownFileType = sourcecode.swift; path = Event.swift; sourceTree = "<group>"; };
		A6D420C823BBA85A0036D097 /* WidgetPastEvents.appex */ = {isa = PBXFileReference; explicitFileType = "wrapper.app-extension"; includeInIndex = 0; path = WidgetPastEvents.appex; sourceTree = BUILT_PRODUCTS_DIR; };
		A6D420C923BBA85A0036D097 /* NotificationCenter.framework */ = {isa = PBXFileReference; lastKnownFileType = wrapper.framework; name = NotificationCenter.framework; path = System/Library/Frameworks/NotificationCenter.framework; sourceTree = SDKROOT; };
		A6D420CC23BBA85A0036D097 /* TodayViewController.swift */ = {isa = PBXFileReference; lastKnownFileType = sourcecode.swift; path = TodayViewController.swift; sourceTree = "<group>"; };
		A6D420CF23BBA85A0036D097 /* Base */ = {isa = PBXFileReference; lastKnownFileType = file.storyboard; name = Base; path = Base.lproj/MainInterface.storyboard; sourceTree = "<group>"; };
		A6D420DD23BBA8750036D097 /* WidgetFutureEvents.appex */ = {isa = PBXFileReference; explicitFileType = "wrapper.app-extension"; includeInIndex = 0; path = WidgetFutureEvents.appex; sourceTree = BUILT_PRODUCTS_DIR; };
		A6D420E023BBA8750036D097 /* TodayViewController.swift */ = {isa = PBXFileReference; lastKnownFileType = sourcecode.swift; path = TodayViewController.swift; sourceTree = "<group>"; };
		A6D420E323BBA8750036D097 /* Base */ = {isa = PBXFileReference; lastKnownFileType = file.storyboard; name = Base; path = Base.lproj/MainInterface.storyboard; sourceTree = "<group>"; };
		A6D420F023BBA8830036D097 /* WidgetUpcomingEvent.appex */ = {isa = PBXFileReference; explicitFileType = "wrapper.app-extension"; includeInIndex = 0; path = WidgetUpcomingEvent.appex; sourceTree = BUILT_PRODUCTS_DIR; };
		A6D420F323BBA8840036D097 /* TodayViewController.swift */ = {isa = PBXFileReference; lastKnownFileType = sourcecode.swift; path = TodayViewController.swift; sourceTree = "<group>"; };
		A6D420F623BBA8840036D097 /* Base */ = {isa = PBXFileReference; lastKnownFileType = file.storyboard; name = Base; path = Base.lproj/MainInterface.storyboard; sourceTree = "<group>"; };
		A6D420F823BBA8840036D097 /* Info.plist */ = {isa = PBXFileReference; lastKnownFileType = text.plist.xml; path = Info.plist; sourceTree = "<group>"; };
		A6D75DBE23866A9C00ECBD16 /* EventDetailsBottomView.swift */ = {isa = PBXFileReference; lastKnownFileType = sourcecode.swift; path = EventDetailsBottomView.swift; sourceTree = "<group>"; };
		A6D8D2F22406899800251CD4 /* CompactEventCell.swift */ = {isa = PBXFileReference; lastKnownFileType = sourcecode.swift; path = CompactEventCell.swift; sourceTree = "<group>"; };
		A6DADA2523BDDD9D00511492 /* WidgetPastEvents.entitlements */ = {isa = PBXFileReference; lastKnownFileType = text.plist.entitlements; path = WidgetPastEvents.entitlements; sourceTree = "<group>"; };
		A6DADA2623BDDDAF00511492 /* WidgetFutureEvents.entitlements */ = {isa = PBXFileReference; lastKnownFileType = text.plist.entitlements; path = WidgetFutureEvents.entitlements; sourceTree = "<group>"; };
		A6DADA2723BDDDB600511492 /* WidgetUpcomingEvent.entitlements */ = {isa = PBXFileReference; lastKnownFileType = text.plist.entitlements; path = WidgetUpcomingEvent.entitlements; sourceTree = "<group>"; };
		A6DB776F23328CC800CEA495 /* EventBackgroundViewController.swift */ = {isa = PBXFileReference; lastKnownFileType = sourcecode.swift; path = EventBackgroundViewController.swift; sourceTree = "<group>"; };
		A6EA1CD1233767D800F876B2 /* EventCustomizeView.swift */ = {isa = PBXFileReference; lastKnownFileType = sourcecode.swift; path = EventCustomizeView.swift; sourceTree = "<group>"; };
		A6F0167623B9F7A60017D80F /* MainViewController.swift */ = {isa = PBXFileReference; lastKnownFileType = sourcecode.swift; path = MainViewController.swift; sourceTree = "<group>"; };
		A6FA6B7C2403BC7D00FCAA46 /* PremiumViewController.swift */ = {isa = PBXFileReference; lastKnownFileType = sourcecode.swift; path = PremiumViewController.swift; sourceTree = "<group>"; };
		A6FA6B7E240403FA00FCAA46 /* CheckMarkView.swift */ = {isa = PBXFileReference; lastKnownFileType = sourcecode.swift; path = CheckMarkView.swift; sourceTree = "<group>"; };
		AF5D655CFB30DE447DD52F3F /* Pods-WidgetUpcomingEvent.debug.xcconfig */ = {isa = PBXFileReference; includeInIndex = 1; lastKnownFileType = text.xcconfig; name = "Pods-WidgetUpcomingEvent.debug.xcconfig"; path = "Target Support Files/Pods-WidgetUpcomingEvent/Pods-WidgetUpcomingEvent.debug.xcconfig"; sourceTree = "<group>"; };
		AFF6E2D6EE88BDEEA0FEFF1F /* Pods_DaysCounter.framework */ = {isa = PBXFileReference; explicitFileType = wrapper.framework; includeInIndex = 0; path = Pods_DaysCounter.framework; sourceTree = BUILT_PRODUCTS_DIR; };
		C09389A299F93925E4D08C97 /* Pods-WidgetPastEvents.release.xcconfig */ = {isa = PBXFileReference; includeInIndex = 1; lastKnownFileType = text.xcconfig; name = "Pods-WidgetPastEvents.release.xcconfig"; path = "Target Support Files/Pods-WidgetPastEvents/Pods-WidgetPastEvents.release.xcconfig"; sourceTree = "<group>"; };
		C788076842FAAF612E6DF5FC /* Pods-WidgetFutureEvents.release.xcconfig */ = {isa = PBXFileReference; includeInIndex = 1; lastKnownFileType = text.xcconfig; name = "Pods-WidgetFutureEvents.release.xcconfig"; path = "Target Support Files/Pods-WidgetFutureEvents/Pods-WidgetFutureEvents.release.xcconfig"; sourceTree = "<group>"; };
		CF553D311315023CA4931BBF /* Pods_WidgetUpcomingEvent.framework */ = {isa = PBXFileReference; explicitFileType = wrapper.framework; includeInIndex = 0; path = Pods_WidgetUpcomingEvent.framework; sourceTree = BUILT_PRODUCTS_DIR; };
		D57E791B507FED8EFA3C48C7 /* Pods-WidgetFutureEvents.debug.xcconfig */ = {isa = PBXFileReference; includeInIndex = 1; lastKnownFileType = text.xcconfig; name = "Pods-WidgetFutureEvents.debug.xcconfig"; path = "Target Support Files/Pods-WidgetFutureEvents/Pods-WidgetFutureEvents.debug.xcconfig"; sourceTree = "<group>"; };
		FB754B61B2250229C98A5842 /* Pods-WidgetUpcomingEvent.release.xcconfig */ = {isa = PBXFileReference; includeInIndex = 1; lastKnownFileType = text.xcconfig; name = "Pods-WidgetUpcomingEvent.release.xcconfig"; path = "Target Support Files/Pods-WidgetUpcomingEvent/Pods-WidgetUpcomingEvent.release.xcconfig"; sourceTree = "<group>"; };
/* End PBXFileReference section */

/* Begin PBXFrameworksBuildPhase section */
		A6A84E2C23294F0E006C6660 /* Frameworks */ = {
			isa = PBXFrameworksBuildPhase;
			buildActionMask = 2147483647;
			files = (
				B3C90C8C31C7EA6A196B7EA8 /* Pods_DaysCounter.framework in Frameworks */,
				A60A514F23FB1CDA007BB811 /* StoreKit.framework in Frameworks */,
			);
			runOnlyForDeploymentPostprocessing = 0;
		};
		A6D420C523BBA85A0036D097 /* Frameworks */ = {
			isa = PBXFrameworksBuildPhase;
			buildActionMask = 2147483647;
			files = (
				A6D420CA23BBA85A0036D097 /* NotificationCenter.framework in Frameworks */,
				1C09C5185D8CD859802CEF80 /* Pods_WidgetPastEvents.framework in Frameworks */,
			);
			runOnlyForDeploymentPostprocessing = 0;
		};
		A6D420DA23BBA8750036D097 /* Frameworks */ = {
			isa = PBXFrameworksBuildPhase;
			buildActionMask = 2147483647;
			files = (
				A6D420DE23BBA8750036D097 /* NotificationCenter.framework in Frameworks */,
				80008EDE393F01CFF8A46B1B /* Pods_WidgetFutureEvents.framework in Frameworks */,
			);
			runOnlyForDeploymentPostprocessing = 0;
		};
		A6D420ED23BBA8830036D097 /* Frameworks */ = {
			isa = PBXFrameworksBuildPhase;
			buildActionMask = 2147483647;
			files = (
				A6D420F123BBA8830036D097 /* NotificationCenter.framework in Frameworks */,
				281C68819E43AE18FCD559D6 /* Pods_WidgetUpcomingEvent.framework in Frameworks */,
			);
			runOnlyForDeploymentPostprocessing = 0;
		};
/* End PBXFrameworksBuildPhase section */

/* Begin PBXGroup section */
		243C91698D909D9E96F48C8F /* Frameworks */ = {
			isa = PBXGroup;
			children = (
				A60A514E23FB1CDA007BB811 /* StoreKit.framework */,
				AFF6E2D6EE88BDEEA0FEFF1F /* Pods_DaysCounter.framework */,
				A6D420C923BBA85A0036D097 /* NotificationCenter.framework */,
				29D1B5E9E818CFDE4897DFB5 /* Pods_WidgetFutureEvents.framework */,
				4F868769D3441E614A9DBF80 /* Pods_WidgetPastEvents.framework */,
				CF553D311315023CA4931BBF /* Pods_WidgetUpcomingEvent.framework */,
			);
			name = Frameworks;
			sourceTree = "<group>";
		};
		622CE0F62B079DE3000A5484 /* Form */ = {
			isa = PBXGroup;
			children = (
				A618D8D1232BA7AE006EB008 /* AddEventViewController.swift */,
				A6DB776F23328CC800CEA495 /* EventBackgroundViewController.swift */,
				A6AABAB72331131800264B8B /* RepetitionTableViewController.swift */,
				A6EA1CD1233767D800F876B2 /* EventCustomizeView.swift */,
				A68DE0FF233D180500188579 /* FontColorPickerView.swift */,
			);
			path = Form;
			sourceTree = "<group>";
		};
		623D3CB72A8F85DC007CCA10 /* Settings */ = {
			isa = PBXGroup;
			children = (
				A6ADF50923AEA16500CACAD6 /* Defaults.swift */,
				62437E862988421A0087124A /* SettingsHostingController.swift */,
				626565CF2A8FA1E300DB0502 /* SettingsView.swift */,
			);
			path = Settings;
			sourceTree = "<group>";
		};
		625F31AB2B49CD5600EE825D /* List */ = {
			isa = PBXGroup;
			children = (
				A61702D623B201D900912C13 /* EventsTabBarController.swift */,
				A6A84E6523296A69006C6660 /* FutureEventsViewController.swift */,
				A6A84E6323296A5E006C6660 /* PastEventsViewController.swift */,
				A6D8D2F22406899800251CD4 /* CompactEventCell.swift */,
				A606F09724068A22006E07C8 /* EventCell.swift */,
			);
			path = List;
			sourceTree = "<group>";
		};
		626565D12A8FA4ED00DB0502 /* Gallery */ = {
			isa = PBXGroup;
			children = (
				A637FEFA23421CB2008868C8 /* ImageCropViewController.swift */,
				626565D72A92969C00DB0502 /* Internet */,
				626565D62A92939800DB0502 /* Internal */,
			);
			path = Gallery;
			sourceTree = "<group>";
		};
		626565D62A92939800DB0502 /* Internal */ = {
			isa = PBXGroup;
			children = (
				626565D22A8FA5AB00DB0502 /* InternalGalleryHostingController.swift */,
				626565D42A8FA5DF00DB0502 /* InternalGalleryView.swift */,
			);
			path = Internal;
			sourceTree = "<group>";
		};
		626565D72A92969C00DB0502 /* Internet */ = {
			isa = PBXGroup;
			children = (
				A6B924212348BD0C005F30F5 /* ImageCell.swift */,
				A6B924252348D095005F30F5 /* ImagesResponse.swift */,
				A6B924272348D135005F30F5 /* ImagesRequest.swift */,
				A6763F122345CA3700A81500 /* InternetGalleryViewController.swift */,
			);
			path = Internet;
			sourceTree = "<group>";
		};
		62CB543C2B47339300EAE230 /* Details */ = {
			isa = PBXGroup;
			children = (
				A663228C235F67090073C3C3 /* EventDetailsViewController.swift */,
				A6D75DBE23866A9C00ECBD16 /* EventDetailsBottomView.swift */,
			);
			path = Details;
			sourceTree = "<group>";
		};
		62EBBD9D2AFF859D00EA785D /* Login */ = {
			isa = PBXGroup;
			children = (
				62EBBD9E2AFF8C3F00EA785D /* LoginHostingController.swift */,
				62EBBDA02AFF8CCC00EA785D /* LoginView.swift */,
			);
			path = Login;
			sourceTree = "<group>";
		};
		A69E54052402D26000716618 /* Purchases */ = {
			isa = PBXGroup;
			children = (
				A69E54062402D29400716618 /* IAPHelper.swift */,
				A69E54082402D2D500716618 /* Products.swift */,
			);
			path = Purchases;
			sourceTree = "<group>";
		};
		A6A84E2623294F0E006C6660 = {
			isa = PBXGroup;
			children = (
				A6A84E3123294F0E006C6660 /* DaysCounter */,
				A6D420CB23BBA85A0036D097 /* WidgetPastEvents */,
				A6D420DF23BBA8750036D097 /* WidgetFutureEvents */,
				A6D420F223BBA8830036D097 /* WidgetUpcomingEvent */,
				A6A84E3023294F0E006C6660 /* Products */,
				F73F92E0F6977D0C5372705F /* Pods */,
				243C91698D909D9E96F48C8F /* Frameworks */,
			);
			sourceTree = "<group>";
		};
		A6A84E3023294F0E006C6660 /* Products */ = {
			isa = PBXGroup;
			children = (
				A6A84E2F23294F0E006C6660 /* Days Counter.app */,
				A6D420C823BBA85A0036D097 /* WidgetPastEvents.appex */,
				A6D420DD23BBA8750036D097 /* WidgetFutureEvents.appex */,
				A6D420F023BBA8830036D097 /* WidgetUpcomingEvent.appex */,
			);
			name = Products;
			sourceTree = "<group>";
		};
		A6A84E3123294F0E006C6660 /* DaysCounter */ = {
			isa = PBXGroup;
			children = (
				625F31AB2B49CD5600EE825D /* List */,
				62CB543C2B47339300EAE230 /* Details */,
				622CE0F62B079DE3000A5484 /* Form */,
				62EBBD9D2AFF859D00EA785D /* Login */,
				626565D12A8FA4ED00DB0502 /* Gallery */,
				623D3CB72A8F85DC007CCA10 /* Settings */,
				A69E54052402D26000716618 /* Purchases */,
				A69DE1D223BBCC0A00C7801F /* DaysCounter.entitlements */,
				A6F0167623B9F7A60017D80F /* MainViewController.swift */,
				A6FA6B7C2403BC7D00FCAA46 /* PremiumViewController.swift */,
				A68B30792405181800D43AA7 /* LoadingButton.swift */,
				A6ACB3F3233F6F3400E8FABA /* DateCalculator.swift */,
				A6FA6B7E240403FA00FCAA46 /* CheckMarkView.swift */,
				A60FCB0623FD2EF900EA2D35 /* RemoteDatabase.swift */,
				A60FCB0423FD2EEC00EA2D35 /* LocalDatabase.swift */,
				A60FCB0823FD519800EA2D35 /* UserRepository.swift */,
				A60FCB0223FD2E2800EA2D35 /* DatabaseRepository.swift */,
				A6BD8EE3234D0E3600E76FBE /* Event.swift */,
				A68B307B2405273200D43AA7 /* CurvedView.swift */,
				A6557D6D235885FD00D224EC /* LargeEventCell.swift */,
				A672CDE323CF9D73003C21CD /* Localizable.stringsdict */,
				A6AABAB9233116C800264B8B /* EventRepetition.swift */,
				A6AABAB52330C58700264B8B /* Extensions.swift */,
				A6A84E3E23294F0E006C6660 /* Info.plist */,
				A6A84E3623294F0E006C6660 /* Main.storyboard */,
				62EE50F62982F59A00C6DE56 /* GoogleService-Info.plist */,
				A6A84E4423294FBC006C6660 /* Supporting Files */,
				A693802D23CE45420063484B /* Localizable.strings */,
			);
			path = DaysCounter;
			sourceTree = "<group>";
		};
		A6A84E4423294FBC006C6660 /* Supporting Files */ = {
			isa = PBXGroup;
			children = (
				A6A84E3223294F0E006C6660 /* AppDelegate.swift */,
				A6A84E3B23294F0E006C6660 /* LaunchScreen.storyboard */,
				A6A84E3923294F0E006C6660 /* Assets.xcassets */,
			);
			path = "Supporting Files";
			sourceTree = "<group>";
		};
		A6D420CB23BBA85A0036D097 /* WidgetPastEvents */ = {
			isa = PBXGroup;
			children = (
				A687570623D0A6D30011C0FC /* Info.plist */,
				A6DADA2523BDDD9D00511492 /* WidgetPastEvents.entitlements */,
				A6D420CC23BBA85A0036D097 /* TodayViewController.swift */,
				A6D420CE23BBA85A0036D097 /* MainInterface.storyboard */,
				A687571023D0A8800011C0FC /* InfoPlist.strings */,
			);
			path = WidgetPastEvents;
			sourceTree = "<group>";
		};
		A6D420DF23BBA8750036D097 /* WidgetFutureEvents */ = {
			isa = PBXGroup;
			children = (
				A687570B23D0A7DB0011C0FC /* Info.plist */,
				A6DADA2623BDDDAF00511492 /* WidgetFutureEvents.entitlements */,
				A6D420E023BBA8750036D097 /* TodayViewController.swift */,
				A6D420E223BBA8750036D097 /* MainInterface.storyboard */,
				A61F29B423D0E3630047C174 /* InfoPlist.strings */,
			);
			path = WidgetFutureEvents;
			sourceTree = "<group>";
		};
		A6D420F223BBA8830036D097 /* WidgetUpcomingEvent */ = {
			isa = PBXGroup;
			children = (
				A6DADA2723BDDDB600511492 /* WidgetUpcomingEvent.entitlements */,
				A6D420F323BBA8840036D097 /* TodayViewController.swift */,
				A6D420F523BBA8840036D097 /* MainInterface.storyboard */,
				A6D420F823BBA8840036D097 /* Info.plist */,
				A61F29BA23D0E3990047C174 /* InfoPlist.strings */,
			);
			path = WidgetUpcomingEvent;
			sourceTree = "<group>";
		};
		F73F92E0F6977D0C5372705F /* Pods */ = {
			isa = PBXGroup;
			children = (
				792F2FCE2644FF2F0ACD28BB /* Pods-DaysCounter.debug.xcconfig */,
				6965F26FFA1C54AFAA7B4F02 /* Pods-DaysCounter.release.xcconfig */,
				D57E791B507FED8EFA3C48C7 /* Pods-WidgetFutureEvents.debug.xcconfig */,
				C788076842FAAF612E6DF5FC /* Pods-WidgetFutureEvents.release.xcconfig */,
				4B2214F1B7E218B8C2A8D325 /* Pods-WidgetPastEvents.debug.xcconfig */,
				C09389A299F93925E4D08C97 /* Pods-WidgetPastEvents.release.xcconfig */,
				AF5D655CFB30DE447DD52F3F /* Pods-WidgetUpcomingEvent.debug.xcconfig */,
				FB754B61B2250229C98A5842 /* Pods-WidgetUpcomingEvent.release.xcconfig */,
			);
			path = Pods;
			sourceTree = "<group>";
		};
/* End PBXGroup section */

/* Begin PBXNativeTarget section */
		A6A84E2E23294F0E006C6660 /* DaysCounter */ = {
			isa = PBXNativeTarget;
			buildConfigurationList = A6A84E4123294F0E006C6660 /* Build configuration list for PBXNativeTarget "DaysCounter" */;
			buildPhases = (
				34A53429C907016CB6271AAA /* [CP] Check Pods Manifest.lock */,
				A6A84E2B23294F0E006C6660 /* Sources */,
				A6A84E2C23294F0E006C6660 /* Frameworks */,
				A6A84E2D23294F0E006C6660 /* Resources */,
				6D06BB48DB8A9DE91835C509 /* [CP] Embed Pods Frameworks */,
				A6D420D523BBA85A0036D097 /* Embed App Extensions */,
			);
			buildRules = (
			);
			dependencies = (
				A6D420D323BBA85A0036D097 /* PBXTargetDependency */,
				A6D420E723BBA8750036D097 /* PBXTargetDependency */,
				A6D420FA23BBA8840036D097 /* PBXTargetDependency */,
			);
			name = DaysCounter;
			productName = DaysCounter;
			productReference = A6A84E2F23294F0E006C6660 /* Days Counter.app */;
			productType = "com.apple.product-type.application";
		};
		A6D420C723BBA85A0036D097 /* WidgetPastEvents */ = {
			isa = PBXNativeTarget;
			buildConfigurationList = A6D420D823BBA85A0036D097 /* Build configuration list for PBXNativeTarget "WidgetPastEvents" */;
			buildPhases = (
				4D9F50579F7982A6AE545748 /* [CP] Check Pods Manifest.lock */,
				A6D420C423BBA85A0036D097 /* Sources */,
				A6D420C523BBA85A0036D097 /* Frameworks */,
				A6D420C623BBA85A0036D097 /* Resources */,
			);
			buildRules = (
			);
			dependencies = (
			);
			name = WidgetPastEvents;
			productName = WidgetPastEvents;
			productReference = A6D420C823BBA85A0036D097 /* WidgetPastEvents.appex */;
			productType = "com.apple.product-type.app-extension";
		};
		A6D420DC23BBA8750036D097 /* WidgetFutureEvents */ = {
			isa = PBXNativeTarget;
			buildConfigurationList = A6D420E923BBA8750036D097 /* Build configuration list for PBXNativeTarget "WidgetFutureEvents" */;
			buildPhases = (
				552FA71DC132E9F14A78C9F3 /* [CP] Check Pods Manifest.lock */,
				A6D420D923BBA8750036D097 /* Sources */,
				A6D420DA23BBA8750036D097 /* Frameworks */,
				A6D420DB23BBA8750036D097 /* Resources */,
			);
			buildRules = (
			);
			dependencies = (
			);
			name = WidgetFutureEvents;
			productName = WidgetFutureEvents;
			productReference = A6D420DD23BBA8750036D097 /* WidgetFutureEvents.appex */;
			productType = "com.apple.product-type.app-extension";
		};
		A6D420EF23BBA8830036D097 /* WidgetUpcomingEvent */ = {
			isa = PBXNativeTarget;
			buildConfigurationList = A6D420FC23BBA8840036D097 /* Build configuration list for PBXNativeTarget "WidgetUpcomingEvent" */;
			buildPhases = (
				1E78FECBF2A71C3EBF2C0285 /* [CP] Check Pods Manifest.lock */,
				A6D420EC23BBA8830036D097 /* Sources */,
				A6D420ED23BBA8830036D097 /* Frameworks */,
				A6D420EE23BBA8830036D097 /* Resources */,
			);
			buildRules = (
			);
			dependencies = (
			);
			name = WidgetUpcomingEvent;
			productName = WidgetUpcomingEvent;
			productReference = A6D420F023BBA8830036D097 /* WidgetUpcomingEvent.appex */;
			productType = "com.apple.product-type.app-extension";
		};
/* End PBXNativeTarget section */

/* Begin PBXProject section */
		A6A84E2723294F0E006C6660 /* Project object */ = {
			isa = PBXProject;
			attributes = {
				LastSwiftUpdateCheck = 1100;
				LastUpgradeCheck = 1030;
				ORGANIZATIONNAME = CloudDroid;
				TargetAttributes = {
					A6A84E2E23294F0E006C6660 = {
						CreatedOnToolsVersion = 10.3;
					};
					A6D420C723BBA85A0036D097 = {
						CreatedOnToolsVersion = 11.0;
					};
					A6D420DC23BBA8750036D097 = {
						CreatedOnToolsVersion = 11.0;
					};
					A6D420EF23BBA8830036D097 = {
						CreatedOnToolsVersion = 11.0;
					};
				};
			};
			buildConfigurationList = A6A84E2A23294F0E006C6660 /* Build configuration list for PBXProject "DaysCounter" */;
			compatibilityVersion = "Xcode 9.3";
			developmentRegion = en;
			hasScannedForEncodings = 0;
			knownRegions = (
				en,
				Base,
				pl,
			);
			mainGroup = A6A84E2623294F0E006C6660;
			productRefGroup = A6A84E3023294F0E006C6660 /* Products */;
			projectDirPath = "";
			projectRoot = "";
			targets = (
				A6A84E2E23294F0E006C6660 /* DaysCounter */,
				A6D420C723BBA85A0036D097 /* WidgetPastEvents */,
				A6D420DC23BBA8750036D097 /* WidgetFutureEvents */,
				A6D420EF23BBA8830036D097 /* WidgetUpcomingEvent */,
			);
		};
/* End PBXProject section */

/* Begin PBXResourcesBuildPhase section */
		A6A84E2D23294F0E006C6660 /* Resources */ = {
			isa = PBXResourcesBuildPhase;
			buildActionMask = 2147483647;
			files = (
				A6A84E3D23294F0E006C6660 /* LaunchScreen.storyboard in Resources */,
				A693802823CE45420063484B /* Localizable.strings in Resources */,
				A6A84E3A23294F0E006C6660 /* Assets.xcassets in Resources */,
				A672CDDE23CF9D73003C21CD /* Localizable.stringsdict in Resources */,
				A6A84E3823294F0E006C6660 /* Main.storyboard in Resources */,
				62EE50F72982F59A00C6DE56 /* GoogleService-Info.plist in Resources */,
			);
			runOnlyForDeploymentPostprocessing = 0;
		};
		A6D420C623BBA85A0036D097 /* Resources */ = {
			isa = PBXResourcesBuildPhase;
			buildActionMask = 2147483647;
			files = (
				A6DADA2823BE116D00511492 /* Assets.xcassets in Resources */,
				A672CDDF23CF9D73003C21CD /* Localizable.stringsdict in Resources */,
				A693802923CE45420063484B /* Localizable.strings in Resources */,
				A6D420D023BBA85A0036D097 /* MainInterface.storyboard in Resources */,
				A687570E23D0A8800011C0FC /* InfoPlist.strings in Resources */,
			);
			runOnlyForDeploymentPostprocessing = 0;
		};
		A6D420DB23BBA8750036D097 /* Resources */ = {
			isa = PBXResourcesBuildPhase;
			buildActionMask = 2147483647;
			files = (
				A6DADA2923BE116E00511492 /* Assets.xcassets in Resources */,
				A672CDE023CF9D73003C21CD /* Localizable.stringsdict in Resources */,
				A693802A23CE45420063484B /* Localizable.strings in Resources */,
				A6D420E423BBA8750036D097 /* MainInterface.storyboard in Resources */,
				A61F29B223D0E3630047C174 /* InfoPlist.strings in Resources */,
			);
			runOnlyForDeploymentPostprocessing = 0;
		};
		A6D420EE23BBA8830036D097 /* Resources */ = {
			isa = PBXResourcesBuildPhase;
			buildActionMask = 2147483647;
			files = (
				A6DADA2A23BE116E00511492 /* Assets.xcassets in Resources */,
				A672CDE123CF9D73003C21CD /* Localizable.stringsdict in Resources */,
				A693802B23CE45420063484B /* Localizable.strings in Resources */,
				A6D420F723BBA8840036D097 /* MainInterface.storyboard in Resources */,
				A61F29B823D0E3990047C174 /* InfoPlist.strings in Resources */,
			);
			runOnlyForDeploymentPostprocessing = 0;
		};
/* End PBXResourcesBuildPhase section */

/* Begin PBXShellScriptBuildPhase section */
		1E78FECBF2A71C3EBF2C0285 /* [CP] Check Pods Manifest.lock */ = {
			isa = PBXShellScriptBuildPhase;
			buildActionMask = 2147483647;
			files = (
			);
			inputFileListPaths = (
			);
			inputPaths = (
				"${PODS_PODFILE_DIR_PATH}/Podfile.lock",
				"${PODS_ROOT}/Manifest.lock",
			);
			name = "[CP] Check Pods Manifest.lock";
			outputFileListPaths = (
			);
			outputPaths = (
				"$(DERIVED_FILE_DIR)/Pods-WidgetUpcomingEvent-checkManifestLockResult.txt",
			);
			runOnlyForDeploymentPostprocessing = 0;
			shellPath = /bin/sh;
			shellScript = "diff \"${PODS_PODFILE_DIR_PATH}/Podfile.lock\" \"${PODS_ROOT}/Manifest.lock\" > /dev/null\nif [ $? != 0 ] ; then\n    # print error to STDERR\n    echo \"error: The sandbox is not in sync with the Podfile.lock. Run 'pod install' or update your CocoaPods installation.\" >&2\n    exit 1\nfi\n# This output is used by Xcode 'outputs' to avoid re-running this script phase.\necho \"SUCCESS\" > \"${SCRIPT_OUTPUT_FILE_0}\"\n";
			showEnvVarsInLog = 0;
		};
		34A53429C907016CB6271AAA /* [CP] Check Pods Manifest.lock */ = {
			isa = PBXShellScriptBuildPhase;
			buildActionMask = 2147483647;
			files = (
			);
			inputFileListPaths = (
			);
			inputPaths = (
				"${PODS_PODFILE_DIR_PATH}/Podfile.lock",
				"${PODS_ROOT}/Manifest.lock",
			);
			name = "[CP] Check Pods Manifest.lock";
			outputFileListPaths = (
			);
			outputPaths = (
				"$(DERIVED_FILE_DIR)/Pods-DaysCounter-checkManifestLockResult.txt",
			);
			runOnlyForDeploymentPostprocessing = 0;
			shellPath = /bin/sh;
			shellScript = "diff \"${PODS_PODFILE_DIR_PATH}/Podfile.lock\" \"${PODS_ROOT}/Manifest.lock\" > /dev/null\nif [ $? != 0 ] ; then\n    # print error to STDERR\n    echo \"error: The sandbox is not in sync with the Podfile.lock. Run 'pod install' or update your CocoaPods installation.\" >&2\n    exit 1\nfi\n# This output is used by Xcode 'outputs' to avoid re-running this script phase.\necho \"SUCCESS\" > \"${SCRIPT_OUTPUT_FILE_0}\"\n";
			showEnvVarsInLog = 0;
		};
		4D9F50579F7982A6AE545748 /* [CP] Check Pods Manifest.lock */ = {
			isa = PBXShellScriptBuildPhase;
			buildActionMask = 2147483647;
			files = (
			);
			inputFileListPaths = (
			);
			inputPaths = (
				"${PODS_PODFILE_DIR_PATH}/Podfile.lock",
				"${PODS_ROOT}/Manifest.lock",
			);
			name = "[CP] Check Pods Manifest.lock";
			outputFileListPaths = (
			);
			outputPaths = (
				"$(DERIVED_FILE_DIR)/Pods-WidgetPastEvents-checkManifestLockResult.txt",
			);
			runOnlyForDeploymentPostprocessing = 0;
			shellPath = /bin/sh;
			shellScript = "diff \"${PODS_PODFILE_DIR_PATH}/Podfile.lock\" \"${PODS_ROOT}/Manifest.lock\" > /dev/null\nif [ $? != 0 ] ; then\n    # print error to STDERR\n    echo \"error: The sandbox is not in sync with the Podfile.lock. Run 'pod install' or update your CocoaPods installation.\" >&2\n    exit 1\nfi\n# This output is used by Xcode 'outputs' to avoid re-running this script phase.\necho \"SUCCESS\" > \"${SCRIPT_OUTPUT_FILE_0}\"\n";
			showEnvVarsInLog = 0;
		};
		552FA71DC132E9F14A78C9F3 /* [CP] Check Pods Manifest.lock */ = {
			isa = PBXShellScriptBuildPhase;
			buildActionMask = 2147483647;
			files = (
			);
			inputFileListPaths = (
			);
			inputPaths = (
				"${PODS_PODFILE_DIR_PATH}/Podfile.lock",
				"${PODS_ROOT}/Manifest.lock",
			);
			name = "[CP] Check Pods Manifest.lock";
			outputFileListPaths = (
			);
			outputPaths = (
				"$(DERIVED_FILE_DIR)/Pods-WidgetFutureEvents-checkManifestLockResult.txt",
			);
			runOnlyForDeploymentPostprocessing = 0;
			shellPath = /bin/sh;
			shellScript = "diff \"${PODS_PODFILE_DIR_PATH}/Podfile.lock\" \"${PODS_ROOT}/Manifest.lock\" > /dev/null\nif [ $? != 0 ] ; then\n    # print error to STDERR\n    echo \"error: The sandbox is not in sync with the Podfile.lock. Run 'pod install' or update your CocoaPods installation.\" >&2\n    exit 1\nfi\n# This output is used by Xcode 'outputs' to avoid re-running this script phase.\necho \"SUCCESS\" > \"${SCRIPT_OUTPUT_FILE_0}\"\n";
			showEnvVarsInLog = 0;
		};
		6D06BB48DB8A9DE91835C509 /* [CP] Embed Pods Frameworks */ = {
			isa = PBXShellScriptBuildPhase;
			buildActionMask = 2147483647;
			files = (
			);
			inputFileListPaths = (
				"${PODS_ROOT}/Target Support Files/Pods-DaysCounter/Pods-DaysCounter-frameworks-${CONFIGURATION}-input-files.xcfilelist",
			);
			name = "[CP] Embed Pods Frameworks";
			outputFileListPaths = (
				"${PODS_ROOT}/Target Support Files/Pods-DaysCounter/Pods-DaysCounter-frameworks-${CONFIGURATION}-output-files.xcfilelist",
			);
			runOnlyForDeploymentPostprocessing = 0;
			shellPath = /bin/sh;
			shellScript = "\"${PODS_ROOT}/Target Support Files/Pods-DaysCounter/Pods-DaysCounter-frameworks.sh\"\n";
			showEnvVarsInLog = 0;
		};
/* End PBXShellScriptBuildPhase section */

/* Begin PBXSourcesBuildPhase section */
		A6A84E2B23294F0E006C6660 /* Sources */ = {
			isa = PBXSourcesBuildPhase;
			buildActionMask = 2147483647;
			files = (
				A6557D6E235885FD00D224EC /* LargeEventCell.swift in Sources */,
				A6D75DBF23866A9C00ECBD16 /* EventDetailsBottomView.swift in Sources */,
				A60FCB0923FD519800EA2D35 /* UserRepository.swift in Sources */,
				A69E54072402D29400716618 /* IAPHelper.swift in Sources */,
				A6AABAB62330C58700264B8B /* Extensions.swift in Sources */,
				626565D02A8FA1E300DB0502 /* SettingsView.swift in Sources */,
				A6ACB3F4233F6F3400E8FABA /* DateCalculator.swift in Sources */,
				A6A84E3323294F0E006C6660 /* AppDelegate.swift in Sources */,
				A6AABAB82331131800264B8B /* RepetitionTableViewController.swift in Sources */,
				A61702D723B201D900912C13 /* EventsTabBarController.swift in Sources */,
				A6B924262348D095005F30F5 /* ImagesResponse.swift in Sources */,
				626565D52A8FA5DF00DB0502 /* InternalGalleryView.swift in Sources */,
				A618D8D2232BA7AE006EB008 /* AddEventViewController.swift in Sources */,
				A6A84E6623296A69006C6660 /* FutureEventsViewController.swift in Sources */,
				A6D8D2F32406899800251CD4 /* CompactEventCell.swift in Sources */,
				62EBBD9F2AFF8C3F00EA785D /* LoginHostingController.swift in Sources */,
				A637FEFB23421CB2008868C8 /* ImageCropViewController.swift in Sources */,
				62437E872988421A0087124A /* SettingsHostingController.swift in Sources */,
				A6AABABA233116C800264B8B /* EventRepetition.swift in Sources */,
				A69E54092402D2D500716618 /* Products.swift in Sources */,
				A6BD8EE4234D0E3600E76FBE /* Event.swift in Sources */,
				A6EA1CD2233767D800F876B2 /* EventCustomizeView.swift in Sources */,
				A6763F132345CA3700A81500 /* InternetGalleryViewController.swift in Sources */,
				A60FCB0323FD2E2800EA2D35 /* DatabaseRepository.swift in Sources */,
				A60FCB0523FD2EEC00EA2D35 /* LocalDatabase.swift in Sources */,
				A60FCB0723FD2EF900EA2D35 /* RemoteDatabase.swift in Sources */,
				A606F09824068A22006E07C8 /* EventCell.swift in Sources */,
				A68DE100233D180500188579 /* FontColorPickerView.swift in Sources */,
				A6F0167723B9F7A60017D80F /* MainViewController.swift in Sources */,
				62EBBDA12AFF8CCC00EA785D /* LoginView.swift in Sources */,
				A6B924282348D135005F30F5 /* ImagesRequest.swift in Sources */,
				A68B307C2405273200D43AA7 /* CurvedView.swift in Sources */,
				626565D32A8FA5AB00DB0502 /* InternalGalleryHostingController.swift in Sources */,
				A663228D235F67090073C3C3 /* EventDetailsViewController.swift in Sources */,
				A68B307A2405181800D43AA7 /* LoadingButton.swift in Sources */,
				A6A84E6423296A5E006C6660 /* PastEventsViewController.swift in Sources */,
				A6DB777023328CC800CEA495 /* EventBackgroundViewController.swift in Sources */,
				A6FA6B7D2403BC7D00FCAA46 /* PremiumViewController.swift in Sources */,
				A6ADF50A23AEA16500CACAD6 /* Defaults.swift in Sources */,
				A6FA6B7F240403FA00FCAA46 /* CheckMarkView.swift in Sources */,
				A6B924222348BD0C005F30F5 /* ImageCell.swift in Sources */,
			);
			runOnlyForDeploymentPostprocessing = 0;
		};
		A6D420C423BBA85A0036D097 /* Sources */ = {
			isa = PBXSourcesBuildPhase;
			buildActionMask = 2147483647;
			files = (
				A69DE1C923BBAB6800C7801F /* DateCalculator.swift in Sources */,
				A69DE1C623BBAB5500C7801F /* Event.swift in Sources */,
				626565CB2A8F9B8E00DB0502 /* Defaults.swift in Sources */,
				A6D420CD23BBA85A0036D097 /* TodayViewController.swift in Sources */,
				A69DE1CC23BBAB7700C7801F /* Extensions.swift in Sources */,
			);
			runOnlyForDeploymentPostprocessing = 0;
		};
		A6D420D923BBA8750036D097 /* Sources */ = {
			isa = PBXSourcesBuildPhase;
			buildActionMask = 2147483647;
			files = (
				A69DE1CA23BBAB6800C7801F /* DateCalculator.swift in Sources */,
				A69DE1C723BBAB5500C7801F /* Event.swift in Sources */,
				626565CC2A8F9B8F00DB0502 /* Defaults.swift in Sources */,
				A6D420E123BBA8750036D097 /* TodayViewController.swift in Sources */,
				A69DE1CD23BBAB7700C7801F /* Extensions.swift in Sources */,
			);
			runOnlyForDeploymentPostprocessing = 0;
		};
		A6D420EC23BBA8830036D097 /* Sources */ = {
			isa = PBXSourcesBuildPhase;
			buildActionMask = 2147483647;
			files = (
				A69DE1CB23BBAB6900C7801F /* DateCalculator.swift in Sources */,
				A69DE1C823BBAB5600C7801F /* Event.swift in Sources */,
				626565CE2A8F9B9200DB0502 /* Defaults.swift in Sources */,
				A6D420F423BBA8840036D097 /* TodayViewController.swift in Sources */,
				A69DE1CE23BBAB7800C7801F /* Extensions.swift in Sources */,
			);
			runOnlyForDeploymentPostprocessing = 0;
		};
/* End PBXSourcesBuildPhase section */

/* Begin PBXTargetDependency section */
		A6D420D323BBA85A0036D097 /* PBXTargetDependency */ = {
			isa = PBXTargetDependency;
			target = A6D420C723BBA85A0036D097 /* WidgetPastEvents */;
			targetProxy = A6D420D223BBA85A0036D097 /* PBXContainerItemProxy */;
		};
		A6D420E723BBA8750036D097 /* PBXTargetDependency */ = {
			isa = PBXTargetDependency;
			target = A6D420DC23BBA8750036D097 /* WidgetFutureEvents */;
			targetProxy = A6D420E623BBA8750036D097 /* PBXContainerItemProxy */;
		};
		A6D420FA23BBA8840036D097 /* PBXTargetDependency */ = {
			isa = PBXTargetDependency;
			target = A6D420EF23BBA8830036D097 /* WidgetUpcomingEvent */;
			targetProxy = A6D420F923BBA8840036D097 /* PBXContainerItemProxy */;
		};
/* End PBXTargetDependency section */

/* Begin PBXVariantGroup section */
		A61F29B423D0E3630047C174 /* InfoPlist.strings */ = {
			isa = PBXVariantGroup;
			children = (
				A61F29B323D0E3630047C174 /* en */,
				A61F29B523D0E3680047C174 /* pl */,
			);
			name = InfoPlist.strings;
			sourceTree = "<group>";
		};
		A61F29BA23D0E3990047C174 /* InfoPlist.strings */ = {
			isa = PBXVariantGroup;
			children = (
				A61F29B923D0E3990047C174 /* en */,
				A61F29BB23D0E39C0047C174 /* pl */,
			);
			name = InfoPlist.strings;
			sourceTree = "<group>";
		};
		A672CDE323CF9D73003C21CD /* Localizable.stringsdict */ = {
			isa = PBXVariantGroup;
			children = (
				A672CDE223CF9D73003C21CD /* en */,
				A672CDE423CF9D75003C21CD /* pl */,
			);
			name = Localizable.stringsdict;
			sourceTree = "<group>";
		};
		A687571023D0A8800011C0FC /* InfoPlist.strings */ = {
			isa = PBXVariantGroup;
			children = (
				A687570F23D0A8800011C0FC /* en */,
				A687571123D0A8830011C0FC /* pl */,
			);
			name = InfoPlist.strings;
			sourceTree = "<group>";
		};
		A693802D23CE45420063484B /* Localizable.strings */ = {
			isa = PBXVariantGroup;
			children = (
				A693802C23CE45420063484B /* en */,
				A693802E23CE45460063484B /* pl */,
			);
			name = Localizable.strings;
			sourceTree = "<group>";
		};
		A6A84E3623294F0E006C6660 /* Main.storyboard */ = {
			isa = PBXVariantGroup;
			children = (
				A6A84E3723294F0E006C6660 /* Base */,
				A631198D23D0469800A061B4 /* pl */,
			);
			name = Main.storyboard;
			sourceTree = "<group>";
		};
		A6A84E3B23294F0E006C6660 /* LaunchScreen.storyboard */ = {
			isa = PBXVariantGroup;
			children = (
				A6A84E3C23294F0E006C6660 /* Base */,
				A693802423CE45260063484B /* pl */,
			);
			name = LaunchScreen.storyboard;
			sourceTree = "<group>";
		};
		A6D420CE23BBA85A0036D097 /* MainInterface.storyboard */ = {
			isa = PBXVariantGroup;
			children = (
				A6D420CF23BBA85A0036D097 /* Base */,
				A693802523CE45270063484B /* pl */,
			);
			name = MainInterface.storyboard;
			sourceTree = "<group>";
		};
		A6D420E223BBA8750036D097 /* MainInterface.storyboard */ = {
			isa = PBXVariantGroup;
			children = (
				A6D420E323BBA8750036D097 /* Base */,
				A693802623CE45270063484B /* pl */,
			);
			name = MainInterface.storyboard;
			sourceTree = "<group>";
		};
		A6D420F523BBA8840036D097 /* MainInterface.storyboard */ = {
			isa = PBXVariantGroup;
			children = (
				A6D420F623BBA8840036D097 /* Base */,
				A693802723CE45270063484B /* pl */,
			);
			name = MainInterface.storyboard;
			sourceTree = "<group>";
		};
/* End PBXVariantGroup section */

/* Begin XCBuildConfiguration section */
		A6A84E3F23294F0E006C6660 /* Debug */ = {
			isa = XCBuildConfiguration;
			buildSettings = {
				ALWAYS_SEARCH_USER_PATHS = NO;
				CLANG_ANALYZER_LOCALIZABILITY_NONLOCALIZED = YES;
				CLANG_ANALYZER_NONNULL = YES;
				CLANG_ANALYZER_NUMBER_OBJECT_CONVERSION = YES_AGGRESSIVE;
				CLANG_CXX_LANGUAGE_STANDARD = "gnu++14";
				CLANG_CXX_LIBRARY = "libc++";
				CLANG_ENABLE_MODULES = YES;
				CLANG_ENABLE_OBJC_ARC = YES;
				CLANG_ENABLE_OBJC_WEAK = YES;
				CLANG_WARN_BLOCK_CAPTURE_AUTORELEASING = YES;
				CLANG_WARN_BOOL_CONVERSION = YES;
				CLANG_WARN_COMMA = YES;
				CLANG_WARN_CONSTANT_CONVERSION = YES;
				CLANG_WARN_DEPRECATED_OBJC_IMPLEMENTATIONS = YES;
				CLANG_WARN_DIRECT_OBJC_ISA_USAGE = YES_ERROR;
				CLANG_WARN_DOCUMENTATION_COMMENTS = YES;
				CLANG_WARN_EMPTY_BODY = YES;
				CLANG_WARN_ENUM_CONVERSION = YES;
				CLANG_WARN_INFINITE_RECURSION = YES;
				CLANG_WARN_INT_CONVERSION = YES;
				CLANG_WARN_NON_LITERAL_NULL_CONVERSION = YES;
				CLANG_WARN_OBJC_IMPLICIT_RETAIN_SELF = YES;
				CLANG_WARN_OBJC_LITERAL_CONVERSION = YES;
				CLANG_WARN_OBJC_ROOT_CLASS = YES_ERROR;
				CLANG_WARN_RANGE_LOOP_ANALYSIS = YES;
				CLANG_WARN_STRICT_PROTOTYPES = YES;
				CLANG_WARN_SUSPICIOUS_MOVE = YES;
				CLANG_WARN_UNGUARDED_AVAILABILITY = YES_AGGRESSIVE;
				CLANG_WARN_UNREACHABLE_CODE = YES;
				CLANG_WARN__DUPLICATE_METHOD_MATCH = YES;
				CODE_SIGN_IDENTITY = "iPhone Developer";
				COPY_PHASE_STRIP = NO;
				DEBUG_INFORMATION_FORMAT = dwarf;
				ENABLE_STRICT_OBJC_MSGSEND = YES;
				ENABLE_TESTABILITY = YES;
				GCC_C_LANGUAGE_STANDARD = gnu11;
				GCC_DYNAMIC_NO_PIC = NO;
				GCC_NO_COMMON_BLOCKS = YES;
				GCC_OPTIMIZATION_LEVEL = 0;
				GCC_PREPROCESSOR_DEFINITIONS = (
					"DEBUG=1",
					"$(inherited)",
				);
				GCC_WARN_64_TO_32_BIT_CONVERSION = YES;
				GCC_WARN_ABOUT_RETURN_TYPE = YES_ERROR;
				GCC_WARN_UNDECLARED_SELECTOR = YES;
				GCC_WARN_UNINITIALIZED_AUTOS = YES_AGGRESSIVE;
				GCC_WARN_UNUSED_FUNCTION = YES;
				GCC_WARN_UNUSED_VARIABLE = YES;
				IPHONEOS_DEPLOYMENT_TARGET = 17.0;
				MTL_ENABLE_DEBUG_INFO = INCLUDE_SOURCE;
				MTL_FAST_MATH = YES;
				ONLY_ACTIVE_ARCH = YES;
				SDKROOT = iphoneos;
				SWIFT_ACTIVE_COMPILATION_CONDITIONS = DEBUG;
				SWIFT_OPTIMIZATION_LEVEL = "-Onone";
			};
			name = Debug;
		};
		A6A84E4023294F0E006C6660 /* Release */ = {
			isa = XCBuildConfiguration;
			buildSettings = {
				ALWAYS_SEARCH_USER_PATHS = NO;
				CLANG_ANALYZER_LOCALIZABILITY_NONLOCALIZED = YES;
				CLANG_ANALYZER_NONNULL = YES;
				CLANG_ANALYZER_NUMBER_OBJECT_CONVERSION = YES_AGGRESSIVE;
				CLANG_CXX_LANGUAGE_STANDARD = "gnu++14";
				CLANG_CXX_LIBRARY = "libc++";
				CLANG_ENABLE_MODULES = YES;
				CLANG_ENABLE_OBJC_ARC = YES;
				CLANG_ENABLE_OBJC_WEAK = YES;
				CLANG_WARN_BLOCK_CAPTURE_AUTORELEASING = YES;
				CLANG_WARN_BOOL_CONVERSION = YES;
				CLANG_WARN_COMMA = YES;
				CLANG_WARN_CONSTANT_CONVERSION = YES;
				CLANG_WARN_DEPRECATED_OBJC_IMPLEMENTATIONS = YES;
				CLANG_WARN_DIRECT_OBJC_ISA_USAGE = YES_ERROR;
				CLANG_WARN_DOCUMENTATION_COMMENTS = YES;
				CLANG_WARN_EMPTY_BODY = YES;
				CLANG_WARN_ENUM_CONVERSION = YES;
				CLANG_WARN_INFINITE_RECURSION = YES;
				CLANG_WARN_INT_CONVERSION = YES;
				CLANG_WARN_NON_LITERAL_NULL_CONVERSION = YES;
				CLANG_WARN_OBJC_IMPLICIT_RETAIN_SELF = YES;
				CLANG_WARN_OBJC_LITERAL_CONVERSION = YES;
				CLANG_WARN_OBJC_ROOT_CLASS = YES_ERROR;
				CLANG_WARN_RANGE_LOOP_ANALYSIS = YES;
				CLANG_WARN_STRICT_PROTOTYPES = YES;
				CLANG_WARN_SUSPICIOUS_MOVE = YES;
				CLANG_WARN_UNGUARDED_AVAILABILITY = YES_AGGRESSIVE;
				CLANG_WARN_UNREACHABLE_CODE = YES;
				CLANG_WARN__DUPLICATE_METHOD_MATCH = YES;
				CODE_SIGN_IDENTITY = "iPhone Developer";
				COPY_PHASE_STRIP = NO;
				DEBUG_INFORMATION_FORMAT = "dwarf-with-dsym";
				ENABLE_NS_ASSERTIONS = NO;
				ENABLE_STRICT_OBJC_MSGSEND = YES;
				GCC_C_LANGUAGE_STANDARD = gnu11;
				GCC_NO_COMMON_BLOCKS = YES;
				GCC_WARN_64_TO_32_BIT_CONVERSION = YES;
				GCC_WARN_ABOUT_RETURN_TYPE = YES_ERROR;
				GCC_WARN_UNDECLARED_SELECTOR = YES;
				GCC_WARN_UNINITIALIZED_AUTOS = YES_AGGRESSIVE;
				GCC_WARN_UNUSED_FUNCTION = YES;
				GCC_WARN_UNUSED_VARIABLE = YES;
				IPHONEOS_DEPLOYMENT_TARGET = 17.0;
				MTL_ENABLE_DEBUG_INFO = NO;
				MTL_FAST_MATH = YES;
				SDKROOT = iphoneos;
				SWIFT_COMPILATION_MODE = wholemodule;
				SWIFT_OPTIMIZATION_LEVEL = "-O";
				VALIDATE_PRODUCT = YES;
			};
			name = Release;
		};
		A6A84E4223294F0E006C6660 /* Debug */ = {
			isa = XCBuildConfiguration;
			baseConfigurationReference = 792F2FCE2644FF2F0ACD28BB /* Pods-DaysCounter.debug.xcconfig */;
			buildSettings = {
				ALWAYS_EMBED_SWIFT_STANDARD_LIBRARIES = YES;
				ASSETCATALOG_COMPILER_APPICON_NAME = AppIcon;
				CODE_SIGN_ENTITLEMENTS = DaysCounter/DaysCounter.entitlements;
				CODE_SIGN_IDENTITY = "Apple Development";
				CODE_SIGN_STYLE = Automatic;
				DEVELOPMENT_TEAM = V2RSKT32LW;
				INFOPLIST_FILE = DaysCounter/Info.plist;
				IPHONEOS_DEPLOYMENT_TARGET = 17.0;
				LD_RUNPATH_SEARCH_PATHS = (
					"$(inherited)",
					"@executable_path/Frameworks",
				);
				PRODUCT_BUNDLE_IDENTIFIER = com.clouddroid.DaysCounter;
				PRODUCT_NAME = "Days Counter";
				PROVISIONING_PROFILE_SPECIFIER = "";
				SWIFT_VERSION = 5.0;
				TARGETED_DEVICE_FAMILY = "1,2";
			};
			name = Debug;
		};
		A6A84E4323294F0E006C6660 /* Release */ = {
			isa = XCBuildConfiguration;
			baseConfigurationReference = 6965F26FFA1C54AFAA7B4F02 /* Pods-DaysCounter.release.xcconfig */;
			buildSettings = {
				ALWAYS_EMBED_SWIFT_STANDARD_LIBRARIES = YES;
				ASSETCATALOG_COMPILER_APPICON_NAME = AppIcon;
				CODE_SIGN_ENTITLEMENTS = DaysCounter/DaysCounter.entitlements;
				CODE_SIGN_IDENTITY = "Apple Development";
				CODE_SIGN_STYLE = Automatic;
				DEVELOPMENT_TEAM = V2RSKT32LW;
				INFOPLIST_FILE = DaysCounter/Info.plist;
				IPHONEOS_DEPLOYMENT_TARGET = 17.0;
				LD_RUNPATH_SEARCH_PATHS = (
					"$(inherited)",
					"@executable_path/Frameworks",
				);
				PRODUCT_BUNDLE_IDENTIFIER = com.clouddroid.DaysCounter;
				PRODUCT_NAME = "Days Counter";
				PROVISIONING_PROFILE_SPECIFIER = "";
				SWIFT_VERSION = 5.0;
				TARGETED_DEVICE_FAMILY = "1,2";
			};
			name = Release;
		};
		A6D420D623BBA85A0036D097 /* Debug */ = {
			isa = XCBuildConfiguration;
			baseConfigurationReference = 4B2214F1B7E218B8C2A8D325 /* Pods-WidgetPastEvents.debug.xcconfig */;
			buildSettings = {
				CODE_SIGN_ENTITLEMENTS = WidgetPastEvents/WidgetPastEvents.entitlements;
				CODE_SIGN_STYLE = Automatic;
				DEVELOPMENT_TEAM = V2RSKT32LW;
				INFOPLIST_FILE = WidgetPastEvents/Info.plist;
				LD_RUNPATH_SEARCH_PATHS = (
					"$(inherited)",
					"@executable_path/Frameworks",
					"@executable_path/../../Frameworks",
				);
				PRODUCT_BUNDLE_IDENTIFIER = com.clouddroid.DaysCounter.WidgetPastEvents;
				PRODUCT_NAME = "$(TARGET_NAME)";
				SKIP_INSTALL = YES;
				SWIFT_VERSION = 5.0;
				TARGETED_DEVICE_FAMILY = "1,2";
			};
			name = Debug;
		};
		A6D420D723BBA85A0036D097 /* Release */ = {
			isa = XCBuildConfiguration;
			baseConfigurationReference = C09389A299F93925E4D08C97 /* Pods-WidgetPastEvents.release.xcconfig */;
			buildSettings = {
				CODE_SIGN_ENTITLEMENTS = WidgetPastEvents/WidgetPastEvents.entitlements;
				CODE_SIGN_STYLE = Automatic;
				DEVELOPMENT_TEAM = V2RSKT32LW;
				INFOPLIST_FILE = WidgetPastEvents/Info.plist;
				LD_RUNPATH_SEARCH_PATHS = (
					"$(inherited)",
					"@executable_path/Frameworks",
					"@executable_path/../../Frameworks",
				);
				PRODUCT_BUNDLE_IDENTIFIER = com.clouddroid.DaysCounter.WidgetPastEvents;
				PRODUCT_NAME = "$(TARGET_NAME)";
				SKIP_INSTALL = YES;
				SWIFT_VERSION = 5.0;
				TARGETED_DEVICE_FAMILY = "1,2";
			};
			name = Release;
		};
		A6D420EA23BBA8750036D097 /* Debug */ = {
			isa = XCBuildConfiguration;
			baseConfigurationReference = D57E791B507FED8EFA3C48C7 /* Pods-WidgetFutureEvents.debug.xcconfig */;
			buildSettings = {
				CODE_SIGN_ENTITLEMENTS = WidgetFutureEvents/WidgetFutureEvents.entitlements;
				CODE_SIGN_STYLE = Automatic;
				DEVELOPMENT_TEAM = V2RSKT32LW;
				INFOPLIST_FILE = WidgetFutureEvents/Info.plist;
				LD_RUNPATH_SEARCH_PATHS = (
					"$(inherited)",
					"@executable_path/Frameworks",
					"@executable_path/../../Frameworks",
				);
				PRODUCT_BUNDLE_IDENTIFIER = com.clouddroid.DaysCounter.WidgetFutureEvents;
				PRODUCT_NAME = "$(TARGET_NAME)";
				SKIP_INSTALL = YES;
				SWIFT_VERSION = 5.0;
				TARGETED_DEVICE_FAMILY = "1,2";
			};
			name = Debug;
		};
		A6D420EB23BBA8750036D097 /* Release */ = {
			isa = XCBuildConfiguration;
			baseConfigurationReference = C788076842FAAF612E6DF5FC /* Pods-WidgetFutureEvents.release.xcconfig */;
			buildSettings = {
				CODE_SIGN_ENTITLEMENTS = WidgetFutureEvents/WidgetFutureEvents.entitlements;
				CODE_SIGN_STYLE = Automatic;
				DEVELOPMENT_TEAM = V2RSKT32LW;
				INFOPLIST_FILE = WidgetFutureEvents/Info.plist;
				LD_RUNPATH_SEARCH_PATHS = (
					"$(inherited)",
					"@executable_path/Frameworks",
					"@executable_path/../../Frameworks",
				);
				PRODUCT_BUNDLE_IDENTIFIER = com.clouddroid.DaysCounter.WidgetFutureEvents;
				PRODUCT_NAME = "$(TARGET_NAME)";
				SKIP_INSTALL = YES;
				SWIFT_VERSION = 5.0;
				TARGETED_DEVICE_FAMILY = "1,2";
			};
			name = Release;
		};
		A6D420FD23BBA8840036D097 /* Debug */ = {
			isa = XCBuildConfiguration;
			baseConfigurationReference = AF5D655CFB30DE447DD52F3F /* Pods-WidgetUpcomingEvent.debug.xcconfig */;
			buildSettings = {
				CODE_SIGN_ENTITLEMENTS = WidgetUpcomingEvent/WidgetUpcomingEvent.entitlements;
				CODE_SIGN_STYLE = Automatic;
				DEVELOPMENT_TEAM = V2RSKT32LW;
				INFOPLIST_FILE = WidgetUpcomingEvent/Info.plist;
				LD_RUNPATH_SEARCH_PATHS = (
					"$(inherited)",
					"@executable_path/Frameworks",
					"@executable_path/../../Frameworks",
				);
				PRODUCT_BUNDLE_IDENTIFIER = com.clouddroid.DaysCounter.WidgetUpcomingEvent;
				PRODUCT_NAME = "$(TARGET_NAME)";
				SKIP_INSTALL = YES;
				SWIFT_VERSION = 5.0;
				TARGETED_DEVICE_FAMILY = "1,2";
			};
			name = Debug;
		};
		A6D420FE23BBA8840036D097 /* Release */ = {
			isa = XCBuildConfiguration;
			baseConfigurationReference = FB754B61B2250229C98A5842 /* Pods-WidgetUpcomingEvent.release.xcconfig */;
			buildSettings = {
				CODE_SIGN_ENTITLEMENTS = WidgetUpcomingEvent/WidgetUpcomingEvent.entitlements;
				CODE_SIGN_STYLE = Automatic;
				DEVELOPMENT_TEAM = V2RSKT32LW;
				INFOPLIST_FILE = WidgetUpcomingEvent/Info.plist;
				LD_RUNPATH_SEARCH_PATHS = (
					"$(inherited)",
					"@executable_path/Frameworks",
					"@executable_path/../../Frameworks",
				);
				PRODUCT_BUNDLE_IDENTIFIER = com.clouddroid.DaysCounter.WidgetUpcomingEvent;
				PRODUCT_NAME = "$(TARGET_NAME)";
				SKIP_INSTALL = YES;
				SWIFT_VERSION = 5.0;
				TARGETED_DEVICE_FAMILY = "1,2";
			};
			name = Release;
		};
/* End XCBuildConfiguration section */

/* Begin XCConfigurationList section */
		A6A84E2A23294F0E006C6660 /* Build configuration list for PBXProject "DaysCounter" */ = {
			isa = XCConfigurationList;
			buildConfigurations = (
				A6A84E3F23294F0E006C6660 /* Debug */,
				A6A84E4023294F0E006C6660 /* Release */,
			);
			defaultConfigurationIsVisible = 0;
			defaultConfigurationName = Release;
		};
		A6A84E4123294F0E006C6660 /* Build configuration list for PBXNativeTarget "DaysCounter" */ = {
			isa = XCConfigurationList;
			buildConfigurations = (
				A6A84E4223294F0E006C6660 /* Debug */,
				A6A84E4323294F0E006C6660 /* Release */,
			);
			defaultConfigurationIsVisible = 0;
			defaultConfigurationName = Release;
		};
		A6D420D823BBA85A0036D097 /* Build configuration list for PBXNativeTarget "WidgetPastEvents" */ = {
			isa = XCConfigurationList;
			buildConfigurations = (
				A6D420D623BBA85A0036D097 /* Debug */,
				A6D420D723BBA85A0036D097 /* Release */,
			);
			defaultConfigurationIsVisible = 0;
			defaultConfigurationName = Release;
		};
		A6D420E923BBA8750036D097 /* Build configuration list for PBXNativeTarget "WidgetFutureEvents" */ = {
			isa = XCConfigurationList;
			buildConfigurations = (
				A6D420EA23BBA8750036D097 /* Debug */,
				A6D420EB23BBA8750036D097 /* Release */,
			);
			defaultConfigurationIsVisible = 0;
			defaultConfigurationName = Release;
		};
		A6D420FC23BBA8840036D097 /* Build configuration list for PBXNativeTarget "WidgetUpcomingEvent" */ = {
			isa = XCConfigurationList;
			buildConfigurations = (
				A6D420FD23BBA8840036D097 /* Debug */,
				A6D420FE23BBA8840036D097 /* Release */,
			);
			defaultConfigurationIsVisible = 0;
			defaultConfigurationName = Release;
		};
/* End XCConfigurationList section */
	};
	rootObject = A6A84E2723294F0E006C6660 /* Project object */;
}
